{
  "name": "shopping_cart",
  "lockfileVersion": 3,
  "requires": true,
  "packages": {
    "": {
      "dependencies": {
        "@fontsource-variable/space-grotesk": "^5.0.8"
      }
    },
    "node_modules/@fontsource-variable/space-grotesk": {
      "version": "5.0.8",
      "resolved": "https://registry.npmjs.org/@fontsource-variable/space-grotesk/-/space-grotesk-5.0.8.tgz",
      "integrity": "sha512-vrj5WdSqVpQGqOug8hEWvgvnXq2Hsc63LKXHGYRA9lGJhYbru0WQKH3EEei97DkAUdgBOn/NKQpfbUS0V35Kgw=="
    }
  }
}
